
Microsoft Visual Studio Solution File, Format Version 12.00
# Visual Studio Version 16
VisualStudioVersion = 16.0.31129.286
MinimumVisualStudioVersion = 10.0.40219.1
Project("{9A19103F-16F7-4668-BE54-9A1E7A4F7556}") = "QuickBooksSharp", "QuickBooksSharp\QuickBooksSharp.csproj", "{94291700-D916-46F5-A881-9B532241B466}"
EndProject
Project("{9A19103F-16F7-4668-BE54-9A1E7A4F7556}") = "QuickBooksSharp.Tests", "QuickBooksSharp.Tests\QuickBooksSharp.Tests.csproj", "{1FB4D237-ED32-42FF-93CB-5AEE976A08A9}"
EndProject
Project("{2150E333-8FDC-42A3-9474-1A3956D46DE8}") = "Misc", "Misc", "{E347FD34-F1C5-4511-ABC5-3DD19D44A6B1}"
	ProjectSection(SolutionItems) = preProject
		.github\workflows\ci.yml = .github\workflows\ci.yml
		LICENSE = LICENSE
		README.md = README.md
	EndProjectSection
EndProject
Project("{FAE04EC0-301F-11D3-BF4B-00C04F79EFBC}") = "QuickBooksSharp.CodeGen", "QuickBooksSharp.CodeGen\QuickBooksSharp.CodeGen.csproj", "{2941A980-49D2-4BA7-8A74-000C298A9497}"
EndProject
Global
	GlobalSection(SolutionConfigurationPlatforms) = preSolution
		Debug|Any CPU = Debug|Any CPU
		Release|Any CPU = Release|Any CPU
	EndGlobalSection
	GlobalSection(ProjectConfigurationPlatforms) = postSolution
		{94291700-D916-46F5-A881-9B532241B466}.Debug|Any CPU.ActiveCfg = Debug|Any CPU
		{94291700-D916-46F5-A881-9B532241B466}.Debug|Any CPU.Build.0 = Debug|Any CPU
		{94291700-D916-46F5-A881-9B532241B466}.Release|Any CPU.ActiveCfg = Release|Any CPU
		{94291700-D916-46F5-A881-9B532241B466}.Release|Any CPU.Build.0 = Release|Any CPU
		{1FB4D237-ED32-42FF-93CB-5AEE976A08A9}.Debug|Any CPU.ActiveCfg = Debug|Any CPU
		{1FB4D237-ED32-42FF-93CB-5AEE976A08A9}.Debug|Any CPU.Build.0 = Debug|Any CPU
		{1FB4D237-ED32-42FF-93CB-5AEE976A08A9}.Release|Any CPU.ActiveCfg = Release|Any CPU
		{1FB4D237-ED32-42FF-93CB-5AEE976A08A9}.Release|Any CPU.Build.0 = Release|Any CPU
		{2941A980-49D2-4BA7-8A74-000C298A9497}.Debug|Any CPU.ActiveCfg = Debug|Any CPU
		{2941A980-49D2-4BA7-8A74-000C298A9497}.Debug|Any CPU.Build.0 = Debug|Any CPU
		{2941A980-49D2-4BA7-8A74-000C298A9497}.Release|Any CPU.ActiveCfg = Release|Any CPU
		{2941A980-49D2-4BA7-8A74-000C298A9497}.Release|Any CPU.Build.0 = Release|Any CPU
	EndGlobalSection
	GlobalSection(SolutionProperties) = preSolution
		HideSolutionNode = FALSE
	EndGlobalSection
	GlobalSection(ExtensibilityGlobals) = postSolution
		SolutionGuid = {B8CDFCEB-F9EC-4C3E-9780-6915314200F5}
	EndGlobalSection
EndGlobal
